// !$*UTF8*$!
{
	archiveVersion = 1;
	classes = {
	};
	objectVersion = 46;
	objects = {

/* Begin PBXBuildFile section */
		7813377F1E4A5AE0002A9487 /* TTLoadingTableViewCell.m in Sources */ = {isa = PBXBuildFile; fileRef = 7813377D1E4A5AE0002A9487 /* TTLoadingTableViewCell.m */; };
		781337801E4A5AE0002A9487 /* TTLoadingTableViewCell.xib in Resources */ = {isa = PBXBuildFile; fileRef = 7813377E1E4A5AE0002A9487 /* TTLoadingTableViewCell.xib */; };
		781337841E4A810B002A9487 /* TTRandomPhotoViewController.m in Sources */ = {isa = PBXBuildFile; fileRef = 781337821E4A810B002A9487 /* TTRandomPhotoViewController.m */; };
		781337851E4A810B002A9487 /* TTRandomPhotoViewController.xib in Resources */ = {isa = PBXBuildFile; fileRef = 781337831E4A810B002A9487 /* TTRandomPhotoViewController.xib */; };
		78561AA71E45EE4D008780DE /* TTPhoto.m in Sources */ = {isa = PBXBuildFile; fileRef = 78561AA61E45EE4D008780DE /* TTPhoto.m */; };
		7856D4D31E40A10000614805 /* main.m in Sources */ = {isa = PBXBuildFile; fileRef = 7856D4D21E40A10000614805 /* main.m */; };
		7856D4D61E40A10000614805 /* AppDelegate.m in Sources */ = {isa = PBXBuildFile; fileRef = 7856D4D51E40A10000614805 /* AppDelegate.m */; };
		7856D4D91E40A10000614805 /* ViewController.m in Sources */ = {isa = PBXBuildFile; fileRef = 7856D4D81E40A10000614805 /* ViewController.m */; };
		7856D4DC1E40A10000614805 /* Main.storyboard in Resources */ = {isa = PBXBuildFile; fileRef = 7856D4DA1E40A10000614805 /* Main.storyboard */; };
		7856D4DE1E40A10000614805 /* Assets.xcassets in Resources */ = {isa = PBXBuildFile; fileRef = 7856D4DD1E40A10000614805 /* Assets.xcassets */; };
		7856D4E11E40A10000614805 /* LaunchScreen.storyboard in Resources */ = {isa = PBXBuildFile; fileRef = 7856D4DF1E40A10000614805 /* LaunchScreen.storyboard */; };
		7856D4EC1E40A10000614805 /* TeamvoyTaskTests.m in Sources */ = {isa = PBXBuildFile; fileRef = 7856D4EB1E40A10000614805 /* TeamvoyTaskTests.m */; };
		7856D4F71E40A10000614805 /* TeamvoyTaskUITests.m in Sources */ = {isa = PBXBuildFile; fileRef = 7856D4F61E40A10000614805 /* TeamvoyTaskUITests.m */; };
		7856D5141E40DB9B00614805 /* TTServerManager.m in Sources */ = {isa = PBXBuildFile; fileRef = 7856D5131E40DB9B00614805 /* TTServerManager.m */; };
		7856D5171E40DCDA00614805 /* TTUser.m in Sources */ = {isa = PBXBuildFile; fileRef = 7856D5161E40DCDA00614805 /* TTUser.m */; };
		7856D51A1E40DD8000614805 /* TTAccessToken.m in Sources */ = {isa = PBXBuildFile; fileRef = 7856D5191E40DD8000614805 /* TTAccessToken.m */; };
		7856D5201E41F25B00614805 /* TTLoginViewController.m in Sources */ = {isa = PBXBuildFile; fileRef = 7856D51F1E41F25B00614805 /* TTLoginViewController.m */; };
		78778F5C1E490321005250CC /* TTTableViewCell.m in Sources */ = {isa = PBXBuildFile; fileRef = 78778F5A1E490321005250CC /* TTTableViewCell.m */; };
		78778F5D1E490321005250CC /* TTTableViewCell.xib in Resources */ = {isa = PBXBuildFile; fileRef = 78778F5B1E490321005250CC /* TTTableViewCell.xib */; };
/* End PBXBuildFile section */

/* Begin PBXContainerItemProxy section */
		7856D4E81E40A10000614805 /* PBXContainerItemProxy */ = {
			isa = PBXContainerItemProxy;
			containerPortal = 7856D4C61E40A0FF00614805 /* Project object */;
			proxyType = 1;
			remoteGlobalIDString = 7856D4CD1E40A0FF00614805;
			remoteInfo = TeamvoyTask;
		};
		7856D4F31E40A10000614805 /* PBXContainerItemProxy */ = {
			isa = PBXContainerItemProxy;
			containerPortal = 7856D4C61E40A0FF00614805 /* Project object */;
			proxyType = 1;
			remoteGlobalIDString = 7856D4CD1E40A0FF00614805;
			remoteInfo = TeamvoyTask;
		};
/* End PBXContainerItemProxy section */

/* Begin PBXFileReference section */
		7813377C1E4A5AE0002A9487 /* TTLoadingTableViewCell.h */ = {isa = PBXFileReference; fileEncoding = 4; lastKnownFileType = sourcecode.c.h; name = TTLoadingTableViewCell.h; path = Assets.xcassets/TTLoadingTableViewCell.h; sourceTree = "<group>"; };
		7813377D1E4A5AE0002A9487 /* TTLoadingTableViewCell.m */ = {isa = PBXFileReference; fileEncoding = 4; lastKnownFileType = sourcecode.c.objc; name = TTLoadingTableViewCell.m; path = Assets.xcassets/TTLoadingTableViewCell.m; sourceTree = "<group>"; };
		7813377E1E4A5AE0002A9487 /* TTLoadingTableViewCell.xib */ = {isa = PBXFileReference; fileEncoding = 4; lastKnownFileType = file.xib; name = TTLoadingTableViewCell.xib; path = Assets.xcassets/TTLoadingTableViewCell.xib; sourceTree = "<group>"; };
		781337811E4A810B002A9487 /* TTRandomPhotoViewController.h */ = {isa = PBXFileReference; fileEncoding = 4; lastKnownFileType = sourcecode.c.h; name = TTRandomPhotoViewController.h; path = Assets.xcassets/TTRandomPhotoViewController.h; sourceTree = "<group>"; };
		781337821E4A810B002A9487 /* TTRandomPhotoViewController.m */ = {isa = PBXFileReference; fileEncoding = 4; lastKnownFileType = sourcecode.c.objc; name = TTRandomPhotoViewController.m; path = Assets.xcassets/TTRandomPhotoViewController.m; sourceTree = "<group>"; };
		781337831E4A810B002A9487 /* TTRandomPhotoViewController.xib */ = {isa = PBXFileReference; fileEncoding = 4; lastKnownFileType = file.xib; name = TTRandomPhotoViewController.xib; path = Assets.xcassets/TTRandomPhotoViewController.xib; sourceTree = "<group>"; };
		78561AA51E45EE4D008780DE /* TTPhoto.h */ = {isa = PBXFileReference; fileEncoding = 4; lastKnownFileType = sourcecode.c.h; path = TTPhoto.h; sourceTree = "<group>"; };
		78561AA61E45EE4D008780DE /* TTPhoto.m */ = {isa = PBXFileReference; fileEncoding = 4; lastKnownFileType = sourcecode.c.objc; path = TTPhoto.m; sourceTree = "<group>"; };
		7856D4CE1E40A10000614805 /* TeamvoyTask.app */ = {isa = PBXFileReference; explicitFileType = wrapper.application; includeInIndex = 0; path = TeamvoyTask.app; sourceTree = BUILT_PRODUCTS_DIR; };
		7856D4D21E40A10000614805 /* main.m */ = {isa = PBXFileReference; lastKnownFileType = sourcecode.c.objc; path = main.m; sourceTree = "<group>"; };
		7856D4D41E40A10000614805 /* AppDelegate.h */ = {isa = PBXFileReference; lastKnownFileType = sourcecode.c.h; path = AppDelegate.h; sourceTree = "<group>"; };
		7856D4D51E40A10000614805 /* AppDelegate.m */ = {isa = PBXFileReference; lastKnownFileType = sourcecode.c.objc; path = AppDelegate.m; sourceTree = "<group>"; };
		7856D4D71E40A10000614805 /* ViewController.h */ = {isa = PBXFileReference; lastKnownFileType = sourcecode.c.h; path = ViewController.h; sourceTree = "<group>"; };
		7856D4D81E40A10000614805 /* ViewController.m */ = {isa = PBXFileReference; lastKnownFileType = sourcecode.c.objc; path = ViewController.m; sourceTree = "<group>"; };
		7856D4DB1E40A10000614805 /* Base */ = {isa = PBXFileReference; lastKnownFileType = file.storyboard; name = Base; path = Base.lproj/Main.storyboard; sourceTree = "<group>"; };
		7856D4DD1E40A10000614805 /* Assets.xcassets */ = {isa = PBXFileReference; lastKnownFileType = folder.assetcatalog; path = Assets.xcassets; sourceTree = "<group>"; };
		7856D4E01E40A10000614805 /* Base */ = {isa = PBXFileReference; lastKnownFileType = file.storyboard; name = Base; path = Base.lproj/LaunchScreen.storyboard; sourceTree = "<group>"; };
		7856D4E21E40A10000614805 /* Info.plist */ = {isa = PBXFileReference; lastKnownFileType = text.plist.xml; path = Info.plist; sourceTree = "<group>"; };
		7856D4E71E40A10000614805 /* TeamvoyTaskTests.xctest */ = {isa = PBXFileReference; explicitFileType = wrapper.cfbundle; includeInIndex = 0; path = TeamvoyTaskTests.xctest; sourceTree = BUILT_PRODUCTS_DIR; };
		7856D4EB1E40A10000614805 /* TeamvoyTaskTests.m */ = {isa = PBXFileReference; lastKnownFileType = sourcecode.c.objc; path = TeamvoyTaskTests.m; sourceTree = "<group>"; };
		7856D4ED1E40A10000614805 /* Info.plist */ = {isa = PBXFileReference; lastKnownFileType = text.plist.xml; path = Info.plist; sourceTree = "<group>"; };
		7856D4F21E40A10000614805 /* TeamvoyTaskUITests.xctest */ = {isa = PBXFileReference; explicitFileType = wrapper.cfbundle; includeInIndex = 0; path = TeamvoyTaskUITests.xctest; sourceTree = BUILT_PRODUCTS_DIR; };
		7856D4F61E40A10000614805 /* TeamvoyTaskUITests.m */ = {isa = PBXFileReference; lastKnownFileType = sourcecode.c.objc; path = TeamvoyTaskUITests.m; sourceTree = "<group>"; };
		7856D4F81E40A10000614805 /* Info.plist */ = {isa = PBXFileReference; lastKnownFileType = text.plist.xml; path = Info.plist; sourceTree = "<group>"; };
		7856D5121E40DB9B00614805 /* TTServerManager.h */ = {isa = PBXFileReference; fileEncoding = 4; lastKnownFileType = sourcecode.c.h; path = TTServerManager.h; sourceTree = "<group>"; };
		7856D5131E40DB9B00614805 /* TTServerManager.m */ = {isa = PBXFileReference; fileEncoding = 4; lastKnownFileType = sourcecode.c.objc; path = TTServerManager.m; sourceTree = "<group>"; };
		7856D5151E40DCDA00614805 /* TTUser.h */ = {isa = PBXFileReference; fileEncoding = 4; lastKnownFileType = sourcecode.c.h; path = TTUser.h; sourceTree = "<group>"; };
		7856D5161E40DCDA00614805 /* TTUser.m */ = {isa = PBXFileReference; fileEncoding = 4; lastKnownFileType = sourcecode.c.objc; path = TTUser.m; sourceTree = "<group>"; };
		7856D5181E40DD8000614805 /* TTAccessToken.h */ = {isa = PBXFileReference; fileEncoding = 4; lastKnownFileType = sourcecode.c.h; path = TTAccessToken.h; sourceTree = "<group>"; };
		7856D5191E40DD8000614805 /* TTAccessToken.m */ = {isa = PBXFileReference; fileEncoding = 4; lastKnownFileType = sourcecode.c.objc; path = TTAccessToken.m; sourceTree = "<group>"; };
		7856D51E1E41F25B00614805 /* TTLoginViewController.h */ = {isa = PBXFileReference; fileEncoding = 4; lastKnownFileType = sourcecode.c.h; path = TTLoginViewController.h; sourceTree = "<group>"; };
		7856D51F1E41F25B00614805 /* TTLoginViewController.m */ = {isa = PBXFileReference; fileEncoding = 4; lastKnownFileType = sourcecode.c.objc; path = TTLoginViewController.m; sourceTree = "<group>"; };
		78778F591E490321005250CC /* TTTableViewCell.h */ = {isa = PBXFileReference; fileEncoding = 4; lastKnownFileType = sourcecode.c.h; path = TTTableViewCell.h; sourceTree = "<group>"; };
		78778F5A1E490321005250CC /* TTTableViewCell.m */ = {isa = PBXFileReference; fileEncoding = 4; lastKnownFileType = sourcecode.c.objc; path = TTTableViewCell.m; sourceTree = "<group>"; };
		78778F5B1E490321005250CC /* TTTableViewCell.xib */ = {isa = PBXFileReference; fileEncoding = 4; lastKnownFileType = file.xib; path = TTTableViewCell.xib; sourceTree = "<group>"; };
/* End PBXFileReference section */

/* Begin PBXFrameworksBuildPhase section */
		7856D4CB1E40A0FF00614805 /* Frameworks */ = {
			isa = PBXFrameworksBuildPhase;
			buildActionMask = 2147483647;
			files = (
			);
			runOnlyForDeploymentPostprocessing = 0;
		};
		7856D4E41E40A10000614805 /* Frameworks */ = {
			isa = PBXFrameworksBuildPhase;
			buildActionMask = 2147483647;
			files = (
			);
			runOnlyForDeploymentPostprocessing = 0;
		};
		7856D4EF1E40A10000614805 /* Frameworks */ = {
			isa = PBXFrameworksBuildPhase;
			buildActionMask = 2147483647;
			files = (
			);
			runOnlyForDeploymentPostprocessing = 0;
		};
/* End PBXFrameworksBuildPhase section */

/* Begin PBXGroup section */
		7856D4C51E40A0FF00614805 = {
			isa = PBXGroup;
			children = (
				7856D4D01E40A10000614805 /* TeamvoyTask */,
				7856D4EA1E40A10000614805 /* TeamvoyTaskTests */,
				7856D4F51E40A10000614805 /* TeamvoyTaskUITests */,
				7856D4CF1E40A10000614805 /* Products */,
			);
			sourceTree = "<group>";
		};
		7856D4CF1E40A10000614805 /* Products */ = {
			isa = PBXGroup;
			children = (
				7856D4CE1E40A10000614805 /* TeamvoyTask.app */,
				7856D4E71E40A10000614805 /* TeamvoyTaskTests.xctest */,
				7856D4F21E40A10000614805 /* TeamvoyTaskUITests.xctest */,
			);
			name = Products;
			sourceTree = "<group>";
		};
		7856D4D01E40A10000614805 /* TeamvoyTask */ = {
			isa = PBXGroup;
			children = (
				7856D4D41E40A10000614805 /* AppDelegate.h */,
				7856D4D51E40A10000614805 /* AppDelegate.m */,
				788A47521E4A30E800BEB8BD /* View */,
				7856D52C1E43DE1500614805 /* Model */,
				7856D52B1E43DDF600614805 /* Controller */,
				7856D4D11E40A10000614805 /* Supporting Files */,
			);
			path = TeamvoyTask;
			sourceTree = "<group>";
		};
		7856D4D11E40A10000614805 /* Supporting Files */ = {
			isa = PBXGroup;
			children = (
				7856D4E21E40A10000614805 /* Info.plist */,
				7856D4DD1E40A10000614805 /* Assets.xcassets */,
				7856D4DF1E40A10000614805 /* LaunchScreen.storyboard */,
				7856D4D21E40A10000614805 /* main.m */,
			);
			name = "Supporting Files";
			sourceTree = "<group>";
		};
		7856D4EA1E40A10000614805 /* TeamvoyTaskTests */ = {
			isa = PBXGroup;
			children = (
				7856D4EB1E40A10000614805 /* TeamvoyTaskTests.m */,
				7856D4ED1E40A10000614805 /* Info.plist */,
			);
			path = TeamvoyTaskTests;
			sourceTree = "<group>";
		};
		7856D4F51E40A10000614805 /* TeamvoyTaskUITests */ = {
			isa = PBXGroup;
			children = (
				7856D4F61E40A10000614805 /* TeamvoyTaskUITests.m */,
				7856D4F81E40A10000614805 /* Info.plist */,
			);
			path = TeamvoyTaskUITests;
			sourceTree = "<group>";
		};
		7856D52B1E43DDF600614805 /* Controller */ = {
			isa = PBXGroup;
			children = (
				7856D4D71E40A10000614805 /* ViewController.h */,
				7856D4D81E40A10000614805 /* ViewController.m */,
				7856D51E1E41F25B00614805 /* TTLoginViewController.h */,
				7856D51F1E41F25B00614805 /* TTLoginViewController.m */,
				781337811E4A810B002A9487 /* TTRandomPhotoViewController.h */,
				781337821E4A810B002A9487 /* TTRandomPhotoViewController.m */,
				781337831E4A810B002A9487 /* TTRandomPhotoViewController.xib */,
			);
			name = Controller;
			sourceTree = "<group>";
		};
		7856D52C1E43DE1500614805 /* Model */ = {
			isa = PBXGroup;
			children = (
				7856D5151E40DCDA00614805 /* TTUser.h */,
				7856D5161E40DCDA00614805 /* TTUser.m */,
				78561AA51E45EE4D008780DE /* TTPhoto.h */,
				78561AA61E45EE4D008780DE /* TTPhoto.m */,
				7856D5181E40DD8000614805 /* TTAccessToken.h */,
				7856D5191E40DD8000614805 /* TTAccessToken.m */,
				7856D5121E40DB9B00614805 /* TTServerManager.h */,
				7856D5131E40DB9B00614805 /* TTServerManager.m */,
			);
			name = Model;
			sourceTree = "<group>";
		};
		788A47521E4A30E800BEB8BD /* View */ = {
			isa = PBXGroup;
			children = (
				78778F591E490321005250CC /* TTTableViewCell.h */,
				78778F5A1E490321005250CC /* TTTableViewCell.m */,
				78778F5B1E490321005250CC /* TTTableViewCell.xib */,
				7813377C1E4A5AE0002A9487 /* TTLoadingTableViewCell.h */,
				7813377D1E4A5AE0002A9487 /* TTLoadingTableViewCell.m */,
				7813377E1E4A5AE0002A9487 /* TTLoadingTableViewCell.xib */,
				7856D4DA1E40A10000614805 /* Main.storyboard */,
			);
			name = View;
			sourceTree = "<group>";
		};
/* End PBXGroup section */

/* Begin PBXNativeTarget section */
		7856D4CD1E40A0FF00614805 /* TeamvoyTask */ = {
			isa = PBXNativeTarget;
			buildConfigurationList = 7856D4FB1E40A10000614805 /* Build configuration list for PBXNativeTarget "TeamvoyTask" */;
			buildPhases = (
				7856D4CA1E40A0FF00614805 /* Sources */,
				7856D4CB1E40A0FF00614805 /* Frameworks */,
				7856D4CC1E40A0FF00614805 /* Resources */,
			);
			buildRules = (
			);
			dependencies = (
			);
			name = TeamvoyTask;
			productName = TeamvoyTask;
			productReference = 7856D4CE1E40A10000614805 /* TeamvoyTask.app */;
			productType = "com.apple.product-type.application";
		};
		7856D4E61E40A10000614805 /* TeamvoyTaskTests */ = {
			isa = PBXNativeTarget;
			buildConfigurationList = 7856D4FE1E40A10000614805 /* Build configuration list for PBXNativeTarget "TeamvoyTaskTests" */;
			buildPhases = (
				7856D4E31E40A10000614805 /* Sources */,
				7856D4E41E40A10000614805 /* Frameworks */,
				7856D4E51E40A10000614805 /* Resources */,
			);
			buildRules = (
			);
			dependencies = (
				7856D4E91E40A10000614805 /* PBXTargetDependency */,
			);
			name = TeamvoyTaskTests;
			productName = TeamvoyTaskTests;
			productReference = 7856D4E71E40A10000614805 /* TeamvoyTaskTests.xctest */;
			productType = "com.apple.product-type.bundle.unit-test";
		};
		7856D4F11E40A10000614805 /* TeamvoyTaskUITests */ = {
			isa = PBXNativeTarget;
			buildConfigurationList = 7856D5011E40A10000614805 /* Build configuration list for PBXNativeTarget "TeamvoyTaskUITests" */;
			buildPhases = (
				7856D4EE1E40A10000614805 /* Sources */,
				7856D4EF1E40A10000614805 /* Frameworks */,
				7856D4F01E40A10000614805 /* Resources */,
			);
			buildRules = (
			);
			dependencies = (
				7856D4F41E40A10000614805 /* PBXTargetDependency */,
			);
			name = TeamvoyTaskUITests;
			productName = TeamvoyTaskUITests;
			productReference = 7856D4F21E40A10000614805 /* TeamvoyTaskUITests.xctest */;
			productType = "com.apple.product-type.bundle.ui-testing";
		};
/* End PBXNativeTarget section */

/* Begin PBXProject section */
		7856D4C61E40A0FF00614805 /* Project object */ = {
			isa = PBXProject;
			attributes = {
				LastUpgradeCheck = 0820;
				ORGANIZATIONNAME = "Stepan Paholyk";
				TargetAttributes = {
					7856D4CD1E40A0FF00614805 = {
						CreatedOnToolsVersion = 8.2.1;
						DevelopmentTeam = ZW9JWEU2NM;
						ProvisioningStyle = Automatic;
					};
					7856D4E61E40A10000614805 = {
						CreatedOnToolsVersion = 8.2.1;
						DevelopmentTeam = ZW9JWEU2NM;
						ProvisioningStyle = Automatic;
						TestTargetID = 7856D4CD1E40A0FF00614805;
					};
					7856D4F11E40A10000614805 = {
						CreatedOnToolsVersion = 8.2.1;
						DevelopmentTeam = ZW9JWEU2NM;
						ProvisioningStyle = Automatic;
						TestTargetID = 7856D4CD1E40A0FF00614805;
					};
				};
			};
			buildConfigurationList = 7856D4C91E40A0FF00614805 /* Build configuration list for PBXProject "TeamvoyTask" */;
			compatibilityVersion = "Xcode 3.2";
			developmentRegion = English;
			hasScannedForEncodings = 0;
			knownRegions = (
				en,
				Base,
			);
			mainGroup = 7856D4C51E40A0FF00614805;
			productRefGroup = 7856D4CF1E40A10000614805 /* Products */;
			projectDirPath = "";
			projectRoot = "";
			targets = (
				7856D4CD1E40A0FF00614805 /* TeamvoyTask */,
				7856D4E61E40A10000614805 /* TeamvoyTaskTests */,
				7856D4F11E40A10000614805 /* TeamvoyTaskUITests */,
			);
		};
/* End PBXProject section */

/* Begin PBXResourcesBuildPhase section */
		7856D4CC1E40A0FF00614805 /* Resources */ = {
			isa = PBXResourcesBuildPhase;
			buildActionMask = 2147483647;
			files = (
				7856D4E11E40A10000614805 /* LaunchScreen.storyboard in Resources */,
				781337801E4A5AE0002A9487 /* TTLoadingTableViewCell.xib in Resources */,
				7856D4DE1E40A10000614805 /* Assets.xcassets in Resources */,
				7856D4DC1E40A10000614805 /* Main.storyboard in Resources */,
				781337851E4A810B002A9487 /* TTRandomPhotoViewController.xib in Resources */,
				78778F5D1E490321005250CC /* TTTableViewCell.xib in Resources */,
			);
			runOnlyForDeploymentPostprocessing = 0;
		};
		7856D4E51E40A10000614805 /* Resources */ = {
			isa = PBXResourcesBuildPhase;
			buildActionMask = 2147483647;
			files = (
			);
			runOnlyForDeploymentPostprocessing = 0;
		};
		7856D4F01E40A10000614805 /* Resources */ = {
			isa = PBXResourcesBuildPhase;
			buildActionMask = 2147483647;
			files = (
			);
			runOnlyForDeploymentPostprocessing = 0;
		};
/* End PBXResourcesBuildPhase section */

/* Begin PBXSourcesBuildPhase section */
		7856D4CA1E40A0FF00614805 /* Sources */ = {
			isa = PBXSourcesBuildPhase;
			buildActionMask = 2147483647;
			files = (
				78778F5C1E490321005250CC /* TTTableViewCell.m in Sources */,
				7856D4D91E40A10000614805 /* ViewController.m in Sources */,
				781337841E4A810B002A9487 /* TTRandomPhotoViewController.m in Sources */,
				7856D51A1E40DD8000614805 /* TTAccessToken.m in Sources */,
				7856D5201E41F25B00614805 /* TTLoginViewController.m in Sources */,
				7856D4D61E40A10000614805 /* AppDelegate.m in Sources */,
				7856D5141E40DB9B00614805 /* TTServerManager.m in Sources */,
				7856D4D31E40A10000614805 /* main.m in Sources */,
				78561AA71E45EE4D008780DE /* TTPhoto.m in Sources */,
				7813377F1E4A5AE0002A9487 /* TTLoadingTableViewCell.m in Sources */,
				7856D5171E40DCDA00614805 /* TTUser.m in Sources */,
			);
			runOnlyForDeploymentPostprocessing = 0;
		};
		7856D4E31E40A10000614805 /* Sources */ = {
			isa = PBXSourcesBuildPhase;
			buildActionMask = 2147483647;
			files = (
				7856D4EC1E40A10000614805 /* TeamvoyTaskTests.m in Sources */,
			);
			runOnlyForDeploymentPostprocessing = 0;
		};
		7856D4EE1E40A10000614805 /* Sources */ = {
			isa = PBXSourcesBuildPhase;
			buildActionMask = 2147483647;
			files = (
				7856D4F71E40A10000614805 /* TeamvoyTaskUITests.m in Sources */,
			);
			runOnlyForDeploymentPostprocessing = 0;
		};
/* End PBXSourcesBuildPhase section */

/* Begin PBXTargetDependency section */
		7856D4E91E40A10000614805 /* PBXTargetDependency */ = {
			isa = PBXTargetDependency;
			target = 7856D4CD1E40A0FF00614805 /* TeamvoyTask */;
			targetProxy = 7856D4E81E40A10000614805 /* PBXContainerItemProxy */;
		};
		7856D4F41E40A10000614805 /* PBXTargetDependency */ = {
			isa = PBXTargetDependency;
			target = 7856D4CD1E40A0FF00614805 /* TeamvoyTask */;
			targetProxy = 7856D4F31E40A10000614805 /* PBXContainerItemProxy */;
		};
/* End PBXTargetDependency section */

/* Begin PBXVariantGroup section */
		7856D4DA1E40A10000614805 /* Main.storyboard */ = {
			isa = PBXVariantGroup;
			children = (
				7856D4DB1E40A10000614805 /* Base */,
			);
			name = Main.storyboard;
			sourceTree = "<group>";
		};
		7856D4DF1E40A10000614805 /* LaunchScreen.storyboard */ = {
			isa = PBXVariantGroup;
			children = (
				7856D4E01E40A10000614805 /* Base */,
			);
			name = LaunchScreen.storyboard;
			sourceTree = "<group>";
		};
/* End PBXVariantGroup section */

/* Begin XCBuildConfiguration section */
		7856D4F91E40A10000614805 /* Debug */ = {
			isa = XCBuildConfiguration;
			buildSettings = {
				ALWAYS_SEARCH_USER_PATHS = NO;
				CLANG_ANALYZER_NONNULL = YES;
				CLANG_CXX_LANGUAGE_STANDARD = "gnu++0x";
				CLANG_CXX_LIBRARY = "libc++";
				CLANG_ENABLE_MODULES = YES;
				CLANG_ENABLE_OBJC_ARC = YES;
				CLANG_WARN_BOOL_CONVERSION = YES;
				CLANG_WARN_CONSTANT_CONVERSION = YES;
				CLANG_WARN_DIRECT_OBJC_ISA_USAGE = YES_ERROR;
				CLANG_WARN_DOCUMENTATION_COMMENTS = YES;
				CLANG_WARN_EMPTY_BODY = YES;
				CLANG_WARN_ENUM_CONVERSION = YES;
				CLANG_WARN_INFINITE_RECURSION = YES;
				CLANG_WARN_INT_CONVERSION = YES;
				CLANG_WARN_OBJC_ROOT_CLASS = YES_ERROR;
				CLANG_WARN_SUSPICIOUS_MOVE = YES;
				CLANG_WARN_UNREACHABLE_CODE = YES;
				CLANG_WARN__DUPLICATE_METHOD_MATCH = YES;
				"CODE_SIGN_IDENTITY[sdk=iphoneos*]" = "iPhone Developer";
				COPY_PHASE_STRIP = NO;
				DEBUG_INFORMATION_FORMAT = dwarf;
				ENABLE_STRICT_OBJC_MSGSEND = YES;
				ENABLE_TESTABILITY = YES;
				GCC_C_LANGUAGE_STANDARD = gnu99;
				GCC_DYNAMIC_NO_PIC = NO;
				GCC_NO_COMMON_BLOCKS = YES;
				GCC_OPTIMIZATION_LEVEL = 0;
				GCC_PREPROCESSOR_DEFINITIONS = (
					"DEBUG=1",
					"$(inherited)",
				);
				GCC_WARN_64_TO_32_BIT_CONVERSION = YES;
				GCC_WARN_ABOUT_RETURN_TYPE = YES_ERROR;
				GCC_WARN_UNDECLARED_SELECTOR = YES;
				GCC_WARN_UNINITIALIZED_AUTOS = YES_AGGRESSIVE;
				GCC_WARN_UNUSED_FUNCTION = YES;
				GCC_WARN_UNUSED_VARIABLE = YES;
				IPHONEOS_DEPLOYMENT_TARGET = 10.0;
				MTL_ENABLE_DEBUG_INFO = YES;
				ONLY_ACTIVE_ARCH = YES;
				SDKROOT = iphoneos;
			};
			name = Debug;
		};
		7856D4FA1E40A10000614805 /* Release */ = {
			isa = XCBuildConfiguration;
			buildSettings = {
				ALWAYS_SEARCH_USER_PATHS = NO;
				CLANG_ANALYZER_NONNULL = YES;
				CLANG_CXX_LANGUAGE_STANDARD = "gnu++0x";
				CLANG_CXX_LIBRARY = "libc++";
				CLANG_ENABLE_MODULES = YES;
				CLANG_ENABLE_OBJC_ARC = YES;
				CLANG_WARN_BOOL_CONVERSION = YES;
				CLANG_WARN_CONSTANT_CONVERSION = YES;
				CLANG_WARN_DIRECT_OBJC_ISA_USAGE = YES_ERROR;
				CLANG_WARN_DOCUMENTATION_COMMENTS = YES;
				CLANG_WARN_EMPTY_BODY = YES;
				CLANG_WARN_ENUM_CONVERSION = YES;
				CLANG_WARN_INFINITE_RECURSION = YES;
				CLANG_WARN_INT_CONVERSION = YES;
				CLANG_WARN_OBJC_ROOT_CLASS = YES_ERROR;
				CLANG_WARN_SUSPICIOUS_MOVE = YES;
				CLANG_WARN_UNREACHABLE_CODE = YES;
				CLANG_WARN__DUPLICATE_METHOD_MATCH = YES;
				"CODE_SIGN_IDENTITY[sdk=iphoneos*]" = "iPhone Developer";
				COPY_PHASE_STRIP = NO;
				DEBUG_INFORMATION_FORMAT = "dwarf-with-dsym";
				ENABLE_NS_ASSERTIONS = NO;
				ENABLE_STRICT_OBJC_MSGSEND = YES;
				GCC_C_LANGUAGE_STANDARD = gnu99;
				GCC_NO_COMMON_BLOCKS = YES;
				GCC_WARN_64_TO_32_BIT_CONVERSION = YES;
				GCC_WARN_ABOUT_RETURN_TYPE = YES_ERROR;
				GCC_WARN_UNDECLARED_SELECTOR = YES;
				GCC_WARN_UNINITIALIZED_AUTOS = YES_AGGRESSIVE;
				GCC_WARN_UNUSED_FUNCTION = YES;
				GCC_WARN_UNUSED_VARIABLE = YES;
				IPHONEOS_DEPLOYMENT_TARGET = 10.0;
				MTL_ENABLE_DEBUG_INFO = NO;
				SDKROOT = iphoneos;
				VALIDATE_PRODUCT = YES;
			};
			name = Release;
		};
		7856D4FC1E40A10000614805 /* Debug */ = {
			isa = XCBuildConfiguration;
			buildSettings = {
				ASSETCATALOG_COMPILER_APPICON_NAME = AppIcon;
				"CODE_SIGN_IDENTITY[sdk=iphoneos*]" = "iPhone Developer";
				DEVELOPMENT_TEAM = ZW9JWEU2NM;
				FRAMEWORK_SEARCH_PATHS = (
					"$(inherited)",
					"$(PROJECT_DIR)",
				);
				INFOPLIST_FILE = TeamvoyTask/Info.plist;
				IPHONEOS_DEPLOYMENT_TARGET = 10.0;
				LD_RUNPATH_SEARCH_PATHS = "$(inherited) @executable_path/Frameworks";
				PRODUCT_BUNDLE_IDENTIFIER = SP.TeamvoyTask;
				PRODUCT_NAME = "$(TARGET_NAME)";
			};
			name = Debug;
		};
		7856D4FD1E40A10000614805 /* Release */ = {
			isa = XCBuildConfiguration;
			buildSettings = {
				ASSETCATALOG_COMPILER_APPICON_NAME = AppIcon;
				"CODE_SIGN_IDENTITY[sdk=iphoneos*]" = "iPhone Developer";
				DEVELOPMENT_TEAM = ZW9JWEU2NM;
				FRAMEWORK_SEARCH_PATHS = (
					"$(inherited)",
					"$(PROJECT_DIR)",
				);
				INFOPLIST_FILE = TeamvoyTask/Info.plist;
				IPHONEOS_DEPLOYMENT_TARGET = 10.0;
				LD_RUNPATH_SEARCH_PATHS = "$(inherited) @executable_path/Frameworks";
				PRODUCT_BUNDLE_IDENTIFIER = SP.TeamvoyTask;
				PRODUCT_NAME = "$(TARGET_NAME)";
			};
			name = Release;
		};
		7856D4FF1E40A10000614805 /* Debug */ = {
			isa = XCBuildConfiguration;
			buildSettings = {
				BUNDLE_LOADER = "$(TEST_HOST)";
				DEVELOPMENT_TEAM = ZW9JWEU2NM;
				INFOPLIST_FILE = TeamvoyTaskTests/Info.plist;
				LD_RUNPATH_SEARCH_PATHS = "$(inherited) @executable_path/Frameworks @loader_path/Frameworks";
				PRODUCT_BUNDLE_IDENTIFIER = SP.TeamvoyTaskTests;
				PRODUCT_NAME = "$(TARGET_NAME)";
				TEST_HOST = "$(BUILT_PRODUCTS_DIR)/TeamvoyTask.app/TeamvoyTask";
			};
			name = Debug;
		};
		7856D5001E40A10000614805 /* Release */ = {
			isa = XCBuildConfiguration;
			buildSettings = {
				BUNDLE_LOADER = "$(TEST_HOST)";
				DEVELOPMENT_TEAM = ZW9JWEU2NM;
				INFOPLIST_FILE = TeamvoyTaskTests/Info.plist;
				LD_RUNPATH_SEARCH_PATHS = "$(inherited) @executable_path/Frameworks @loader_path/Frameworks";
				PRODUCT_BUNDLE_IDENTIFIER = SP.TeamvoyTaskTests;
				PRODUCT_NAME = "$(TARGET_NAME)";
				TEST_HOST = "$(BUILT_PRODUCTS_DIR)/TeamvoyTask.app/TeamvoyTask";
			};
			name = Release;
		};
		7856D5021E40A10000614805 /* Debug */ = {
			isa = XCBuildConfiguration;
			buildSettings = {
				DEVELOPMENT_TEAM = ZW9JWEU2NM;
				INFOPLIST_FILE = TeamvoyTaskUITests/Info.plist;
				LD_RUNPATH_SEARCH_PATHS = "$(inherited) @executable_path/Frameworks @loader_path/Frameworks";
				PRODUCT_BUNDLE_IDENTIFIER = SP.TeamvoyTaskUITests;
				PRODUCT_NAME = "$(TARGET_NAME)";
				TEST_TARGET_NAME = TeamvoyTask;
			};
			name = Debug;
		};
		7856D5031E40A10000614805 /* Release */ = {
			isa = XCBuildConfiguration;
			buildSettings = {
				DEVELOPMENT_TEAM = ZW9JWEU2NM;
				INFOPLIST_FILE = TeamvoyTaskUITests/Info.plist;
				LD_RUNPATH_SEARCH_PATHS = "$(inherited) @executable_path/Frameworks @loader_path/Frameworks";
				PRODUCT_BUNDLE_IDENTIFIER = SP.TeamvoyTaskUITests;
				PRODUCT_NAME = "$(TARGET_NAME)";
				TEST_TARGET_NAME = TeamvoyTask;
			};
			name = Release;
		};
/* End XCBuildConfiguration section */

/* Begin XCConfigurationList section */
		7856D4C91E40A0FF00614805 /* Build configuration list for PBXProject "TeamvoyTask" */ = {
			isa = XCConfigurationList;
			buildConfigurations = (
				7856D4F91E40A10000614805 /* Debug */,
				7856D4FA1E40A10000614805 /* Release */,
			);
			defaultConfigurationIsVisible = 0;
			defaultConfigurationName = Release;
		};
		7856D4FB1E40A10000614805 /* Build configuration list for PBXNativeTarget "TeamvoyTask" */ = {
			isa = XCConfigurationList;
			buildConfigurations = (
				7856D4FC1E40A10000614805 /* Debug */,
				7856D4FD1E40A10000614805 /* Release */,
			);
			defaultConfigurationIsVisible = 0;
			defaultConfigurationName = Release;
		};
		7856D4FE1E40A10000614805 /* Build configuration list for PBXNativeTarget "TeamvoyTaskTests" */ = {
			isa = XCConfigurationList;
			buildConfigurations = (
				7856D4FF1E40A10000614805 /* Debug */,
				7856D5001E40A10000614805 /* Release */,
			);
			defaultConfigurationIsVisible = 0;
			defaultConfigurationName = Release;
		};
		7856D5011E40A10000614805 /* Build configuration list for PBXNativeTarget "TeamvoyTaskUITests" */ = {
			isa = XCConfigurationList;
			buildConfigurations = (
				7856D5021E40A10000614805 /* Debug */,
				7856D5031E40A10000614805 /* Release */,
			);
			defaultConfigurationIsVisible = 0;
			defaultConfigurationName = Release;
		};
/* End XCConfigurationList section */
	};
	rootObject = 7856D4C61E40A0FF00614805 /* Project object */;
}
